# @generated by Move, please check-in and do not edit manually.

[move]
version = 3
manifest_digest = "CCF56428ECE5FCB1AF5C76345D589C2C14216015854CC55295ADBE4650C2ADBF"
deps_digest = "F8BBB0CCB2491CA29A3DF03D6F92277A4F3574266507ACD77214D37ECA3F3082"
dependencies = [
  { id = "Sui", name = "Sui" },
]

[[move.package]]
id = "MoveStdlib"
source = { git = "https://github.com/MystenLabs/sui.git", rev = "framework/testnet", subdir = "crates\\sui-framework\\packages\\move-stdlib" }

[[move.package]]
id = "Sui"
source = { git = "https://github.com/MystenLabs/sui.git", rev = "framework/testnet", subdir = "crates/sui-framework/packages/sui-framework" }

dependencies = [
  { id = "MoveStdlib", name = "MoveStdlib" },
]

[move.toolchain-version]
compiler-version = "1.35.1"
edition = "2024.beta"
flavor = "sui"

[env]

[env.devnet]
chain-id = "b9643850"
original-published-id = "0x445b18b78828f62eb47ce24f1a4d9f2d0844eb2a9806633c621734b57e729057"
latest-published-id = "0x445b18b78828f62eb47ce24f1a4d9f2d0844eb2a9806633c621734b57e729057"
published-version = "1"
